{
  "name": "kodnestcareers",
  "version": "0.0.1",
  "lockfileVersion": 3,
  "requires": true,
  "packages": {
    "": {
      "name": "kodnestcareers",
      "version": "0.0.1",
      "workspaces": [
        "apps/*",
        "packages/*"
      ],
      "engines": {
        "node": ">=18"
      }
    },
    "apps/api": {
      "name": "@kodnestcareers/api",
      "version": "0.0.1",
      "devDependencies": {}
    },
    "apps/web": {
      "name": "@kodnestcareers/web",
      "version": "0.0.1",
      "devDependencies": {}
    },
    "apps/worker": {
      "name": "@kodnestcareers/worker",
      "version": "0.0.1",
      "devDependencies": {}
    },
    "node_modules/@kodnestcareers/api": {
      "resolved": "apps/api",
      "link": true
    },
    "node_modules/@kodnestcareers/web": {
      "resolved": "apps/web",
      "link": true
    },
    "node_modules/@kodnestcareers/worker": {
      "resolved": "apps/worker",
      "link": true
    }
  }
}
